
Microsoft Visual Studio Solution File, Format Version 12.00
# Visual Studio Version 17
VisualStudioVersion = 17.5.33627.172
MinimumVisualStudioVersion = 10.0.40219.1
Project("{888888A0-9F3D-457C-B088-3A5042F75D52}") = "Stairs", "Stairs\Stairs.pyproj", "{C08B20FB-70BC-40FD-AC2A-7E5631F563BF}"
EndProject
Global
	GlobalSection(SolutionConfigurationPlatforms) = preSolution
		Debug|Any CPU = Debug|Any CPU
		Release|Any CPU = Release|Any CPU
	EndGlobalSection
	GlobalSection(ProjectConfigurationPlatforms) = postSolution
		{C08B20FB-70BC-40FD-AC2A-7E5631F563BF}.Debug|Any CPU.ActiveCfg = Debug|Any CPU
		{C08B20FB-70BC-40FD-AC2A-7E5631F563BF}.Release|Any CPU.ActiveCfg = Release|Any CPU
	EndGlobalSection
	GlobalSection(SolutionProperties) = preSolution
		HideSolutionNode = FALSE
	EndGlobalSection
	GlobalSection(ExtensibilityGlobals) = postSolution
		SolutionGuid = {C5A6550E-FBC7-4D80-8E33-917E5EC0D3B6}
	EndGlobalSection
EndGlobal
